
Microsoft Visual Studio Solution File, Format Version 12.00
# Visual Studio Version 16
VisualStudioVersion = 16.0.31727.386
MinimumVisualStudioVersion = 10.0.40219.1
Project("{9A19103F-16F7-4668-BE54-9A1E7A4F7556}") = "ScriptCompiler", "src\ScriptCompiler\ScriptCompiler.csproj", "{D01ED377-34A8-47AA-A8EB-9E9EA7A5C429}"
EndProject
Project("{9A19103F-16F7-4668-BE54-9A1E7A4F7556}") = "ScriptCompiler.Tests", "src\ScriptCompiler.Tests\ScriptCompiler.Tests.csproj", "{B3D256A0-AB23-45E6-8A65-F2D5CF1D5B6C}"
EndProject
Project("{9A19103F-16F7-4668-BE54-9A1E7A4F7556}") = "ScriptCompiler.NetFramework", "src\ScriptCompiler.NetFramework\ScriptCompiler.NetFramework.csproj", "{AC44D770-1313-4E1D-8102-579027866BEC}"
EndProject
Project("{9A19103F-16F7-4668-BE54-9A1E7A4F7556}") = "ScriptCompiler.NetFramework.Tests", "src\ScriptCompiler.NetFramework.Tests\ScriptCompiler.NetFramework.Tests.csproj", "{2A6C8765-4B37-4256-B354-CD5DACE7A4D0}"
EndProject
Global
	GlobalSection(SolutionConfigurationPlatforms) = preSolution
		Debug|Any CPU = Debug|Any CPU
		Release|Any CPU = Release|Any CPU
	EndGlobalSection
	GlobalSection(ProjectConfigurationPlatforms) = postSolution
		{D01ED377-34A8-47AA-A8EB-9E9EA7A5C429}.Debug|Any CPU.ActiveCfg = Debug|Any CPU
		{D01ED377-34A8-47AA-A8EB-9E9EA7A5C429}.Debug|Any CPU.Build.0 = Debug|Any CPU
		{D01ED377-34A8-47AA-A8EB-9E9EA7A5C429}.Release|Any CPU.ActiveCfg = Release|Any CPU
		{D01ED377-34A8-47AA-A8EB-9E9EA7A5C429}.Release|Any CPU.Build.0 = Release|Any CPU
		{B3D256A0-AB23-45E6-8A65-F2D5CF1D5B6C}.Debug|Any CPU.ActiveCfg = Debug|Any CPU
		{B3D256A0-AB23-45E6-8A65-F2D5CF1D5B6C}.Debug|Any CPU.Build.0 = Debug|Any CPU
		{B3D256A0-AB23-45E6-8A65-F2D5CF1D5B6C}.Release|Any CPU.ActiveCfg = Release|Any CPU
		{B3D256A0-AB23-45E6-8A65-F2D5CF1D5B6C}.Release|Any CPU.Build.0 = Release|Any CPU
		{AC44D770-1313-4E1D-8102-579027866BEC}.Debug|Any CPU.ActiveCfg = Debug|Any CPU
		{AC44D770-1313-4E1D-8102-579027866BEC}.Debug|Any CPU.Build.0 = Debug|Any CPU
		{AC44D770-1313-4E1D-8102-579027866BEC}.Release|Any CPU.ActiveCfg = Release|Any CPU
		{AC44D770-1313-4E1D-8102-579027866BEC}.Release|Any CPU.Build.0 = Release|Any CPU
		{2A6C8765-4B37-4256-B354-CD5DACE7A4D0}.Debug|Any CPU.ActiveCfg = Debug|Any CPU
		{2A6C8765-4B37-4256-B354-CD5DACE7A4D0}.Debug|Any CPU.Build.0 = Debug|Any CPU
		{2A6C8765-4B37-4256-B354-CD5DACE7A4D0}.Release|Any CPU.ActiveCfg = Release|Any CPU
		{2A6C8765-4B37-4256-B354-CD5DACE7A4D0}.Release|Any CPU.Build.0 = Release|Any CPU
	EndGlobalSection
	GlobalSection(SolutionProperties) = preSolution
		HideSolutionNode = FALSE
	EndGlobalSection
	GlobalSection(ExtensibilityGlobals) = postSolution
		SolutionGuid = {27F71ABB-0843-4286-ACA6-77E643B72C7C}
	EndGlobalSection
EndGlobal
